{
  "requires": true,
  "lockfileVersion": 1,
  "dependencies": {
    "collapse-white-space": {
      "version": "2.1.0",
      "resolved": "https://registry.npmjs.org/collapse-white-space/-/collapse-white-space-2.1.0.tgz",
      "integrity": "sha512-loKTxY1zCOuG4j9f6EPnuyyYkf58RnhhWTvRoZEokgB+WbdXehfjFviyOVYkqzEWz1Q5kRiZdBYS5SwxbQYwzw=="
    },
    "langs": {
      "version": "2.0.0",
      "resolved": "https://registry.npmjs.org/langs/-/langs-2.0.0.tgz",
      "integrity": "sha1-AMMs5IFSpJphRFC5uiYyq1igo2Q="
    },
    "n-gram": {
      "version": "2.0.1",
      "resolved": "https://registry.npmjs.org/n-gram/-/n-gram-2.0.1.tgz",
      "integrity": "sha512-ECtaRCOsPvqdTMI7SAFVaPaHv1ofhGqstphMFDWF3yrOaJcFsaCTpTREjYaPYpMC1nzJdewuiqvYXGM9W+Radw=="
    }
  }
}
